<?xml version="1.0" encoding="utf-8"?>
<Project ToolsVersion="4.0" xmlns="http://schemas.microsoft.com/developer/msbuild/2003">
  <ItemGroup>
    <ClCompile Include="..\..\..\..\test\core\client_config\microchannel_test.c">
      <Filter>test\core\client_config</Filter>
    </ClCompile>
  </ItemGroup>

  <ItemGroup>
    <Filter Include="test">
      <UniqueIdentifier>{66c1c51c-c583-f650-4f81-1b800d76d470}</UniqueIdentifier>
    </Filter>
    <Filter Include="test\core">
      <UniqueIdentifier>{d0167073-4b75-3a81-c6a4-68b09719d747}</UniqueIdentifier>
    </Filter>
    <Filter Include="test\core\client_config">
      <UniqueIdentifier>{236c1113-d980-9ba5-629a-fb7c335f550c}</UniqueIdentifier>
    </Filter>
  </ItemGroup>
</Project>

