<?xml version="1.0" encoding="utf-8"?>
<Project ToolsVersion="4.0" xmlns="http://schemas.microsoft.com/developer/msbuild/2003">
  <ItemGroup>
    <ClCompile Include="..\..\..\..\test\core\end2end\fixtures\h2_full_microchannel.c">
      <Filter>test\core\end2end\fixtures</Filter>
    </ClCompile>
  </ItemGroup>
  <ItemGroup>
    <ClInclude Include="..\..\..\..\test\core\end2end\end2end_tests.h">
      <Filter>test\core\end2end</Filter>
    </ClInclude>
  </ItemGroup>

  <ItemGroup>
    <Filter Include="test">
      <UniqueIdentifier>{d0354a5f-6a61-8df1-44d5-54e581d4a204}</UniqueIdentifier>
    </Filter>
    <Filter Include="test\core">
      <UniqueIdentifier>{cde85430-d25a-b32b-dcb7-2b52e5afdc88}</UniqueIdentifier>
    </Filter>
    <Filter Include="test\core\end2end">
      <UniqueIdentifier>{248268c0-1948-d1fd-b791-3dadc935a278}</UniqueIdentifier>
    </Filter>
    <Filter Include="test\core\end2end\fixtures">
      <UniqueIdentifier>{85978b6a-bd54-ddd4-9a73-f3c4b2e85398}</UniqueIdentifier>
    </Filter>
  </ItemGroup>
</Project>

